
Microsoft Visual Studio Solution File, Format Version 12.00
# Visual Studio Version 16
VisualStudioVersion = 16.0.30503.244
MinimumVisualStudioVersion = 10.0.40219.1
Project("{FAE04EC0-301F-11D3-BF4B-00C04F79EFBC}") = "DatacenterDashboard", "DatacenterDashboard\DatacenterDashboard.csproj", "{101277A6-6A52-4BC4-8CEB-BAAC4D5A1000}"
EndProject
Global
	GlobalSection(SolutionConfigurationPlatforms) = preSolution
		Debug|Any CPU = Debug|Any CPU
		Release|Any CPU = Release|Any CPU
	EndGlobalSection
	GlobalSection(ProjectConfigurationPlatforms) = postSolution
		{101277A6-6A52-4BC4-8CEB-BAAC4D5A1000}.Debug|Any CPU.ActiveCfg = Debug|Any CPU
		{101277A6-6A52-4BC4-8CEB-BAAC4D5A1000}.Debug|Any CPU.Build.0 = Debug|Any CPU
		{101277A6-6A52-4BC4-8CEB-BAAC4D5A1000}.Release|Any CPU.ActiveCfg = Release|Any CPU
		{101277A6-6A52-4BC4-8CEB-BAAC4D5A1000}.Release|Any CPU.Build.0 = Release|Any CPU
	EndGlobalSection
	GlobalSection(SolutionProperties) = preSolution
		HideSolutionNode = FALSE
	EndGlobalSection
	GlobalSection(ExtensibilityGlobals) = postSolution
		SolutionGuid = {EA1748FA-5DBA-40D0-A58B-DD8D0CB96BB8}
	EndGlobalSection
EndGlobal
